
Microsoft Visual Studio Solution File, Format Version 12.00
# Visual Studio 15
VisualStudioVersion = 15.0.26124.0
MinimumVisualStudioVersion = 15.0.26124.0
Project("{FAE04EC0-301F-11D3-BF4B-00C04F79EFBC}") = "Cognite.Jetfire.Cli", "Cognite.Jetfire.Cli\Cognite.Jetfire.Cli.csproj", "{7E3D98FD-41D5-4BC0-A67B-B26C65775C3D}"
EndProject
Project("{FAE04EC0-301F-11D3-BF4B-00C04F79EFBC}") = "Cognite.Jetfire.Test", "Cognite.Jetfire.Test\Cognite.Jetfire.Test.csproj", "{0DD59D4D-0C3C-4CB5-BDF7-D12A3AE99628}"
EndProject
Project("{FAE04EC0-301F-11D3-BF4B-00C04F79EFBC}") = "Cognite.Jetfire.Api", "Cognite.Jetfire.Api\Cognite.Jetfire.Api.csproj", "{EC4247A7-D264-4519-BC9F-730545DD0501}"
EndProject
Global
	GlobalSection(SolutionConfigurationPlatforms) = preSolution
		Debug|Any CPU = Debug|Any CPU
		Debug|x64 = Debug|x64
		Debug|x86 = Debug|x86
		Release|Any CPU = Release|Any CPU
		Release|x64 = Release|x64
		Release|x86 = Release|x86
	EndGlobalSection
	GlobalSection(SolutionProperties) = preSolution
		HideSolutionNode = FALSE
	EndGlobalSection
	GlobalSection(ProjectConfigurationPlatforms) = postSolution
		{7E3D98FD-41D5-4BC0-A67B-B26C65775C3D}.Debug|Any CPU.ActiveCfg = Debug|Any CPU
		{7E3D98FD-41D5-4BC0-A67B-B26C65775C3D}.Debug|Any CPU.Build.0 = Debug|Any CPU
		{7E3D98FD-41D5-4BC0-A67B-B26C65775C3D}.Debug|x64.ActiveCfg = Debug|Any CPU
		{7E3D98FD-41D5-4BC0-A67B-B26C65775C3D}.Debug|x64.Build.0 = Debug|Any CPU
		{7E3D98FD-41D5-4BC0-A67B-B26C65775C3D}.Debug|x86.ActiveCfg = Debug|Any CPU
		{7E3D98FD-41D5-4BC0-A67B-B26C65775C3D}.Debug|x86.Build.0 = Debug|Any CPU
		{7E3D98FD-41D5-4BC0-A67B-B26C65775C3D}.Release|Any CPU.ActiveCfg = Release|Any CPU
		{7E3D98FD-41D5-4BC0-A67B-B26C65775C3D}.Release|Any CPU.Build.0 = Release|Any CPU
		{7E3D98FD-41D5-4BC0-A67B-B26C65775C3D}.Release|x64.ActiveCfg = Release|Any CPU
		{7E3D98FD-41D5-4BC0-A67B-B26C65775C3D}.Release|x64.Build.0 = Release|Any CPU
		{7E3D98FD-41D5-4BC0-A67B-B26C65775C3D}.Release|x86.ActiveCfg = Release|Any CPU
		{7E3D98FD-41D5-4BC0-A67B-B26C65775C3D}.Release|x86.Build.0 = Release|Any CPU
		{0DD59D4D-0C3C-4CB5-BDF7-D12A3AE99628}.Debug|Any CPU.ActiveCfg = Debug|Any CPU
		{0DD59D4D-0C3C-4CB5-BDF7-D12A3AE99628}.Debug|Any CPU.Build.0 = Debug|Any CPU
		{0DD59D4D-0C3C-4CB5-BDF7-D12A3AE99628}.Debug|x64.ActiveCfg = Debug|Any CPU
		{0DD59D4D-0C3C-4CB5-BDF7-D12A3AE99628}.Debug|x64.Build.0 = Debug|Any CPU
		{0DD59D4D-0C3C-4CB5-BDF7-D12A3AE99628}.Debug|x86.ActiveCfg = Debug|Any CPU
		{0DD59D4D-0C3C-4CB5-BDF7-D12A3AE99628}.Debug|x86.Build.0 = Debug|Any CPU
		{0DD59D4D-0C3C-4CB5-BDF7-D12A3AE99628}.Release|Any CPU.ActiveCfg = Release|Any CPU
		{0DD59D4D-0C3C-4CB5-BDF7-D12A3AE99628}.Release|Any CPU.Build.0 = Release|Any CPU
		{0DD59D4D-0C3C-4CB5-BDF7-D12A3AE99628}.Release|x64.ActiveCfg = Release|Any CPU
		{0DD59D4D-0C3C-4CB5-BDF7-D12A3AE99628}.Release|x64.Build.0 = Release|Any CPU
		{0DD59D4D-0C3C-4CB5-BDF7-D12A3AE99628}.Release|x86.ActiveCfg = Release|Any CPU
		{0DD59D4D-0C3C-4CB5-BDF7-D12A3AE99628}.Release|x86.Build.0 = Release|Any CPU
		{EC4247A7-D264-4519-BC9F-730545DD0501}.Debug|Any CPU.ActiveCfg = Debug|Any CPU
		{EC4247A7-D264-4519-BC9F-730545DD0501}.Debug|Any CPU.Build.0 = Debug|Any CPU
		{EC4247A7-D264-4519-BC9F-730545DD0501}.Debug|x64.ActiveCfg = Debug|Any CPU
		{EC4247A7-D264-4519-BC9F-730545DD0501}.Debug|x64.Build.0 = Debug|Any CPU
		{EC4247A7-D264-4519-BC9F-730545DD0501}.Debug|x86.ActiveCfg = Debug|Any CPU
		{EC4247A7-D264-4519-BC9F-730545DD0501}.Debug|x86.Build.0 = Debug|Any CPU
		{EC4247A7-D264-4519-BC9F-730545DD0501}.Release|Any CPU.ActiveCfg = Release|Any CPU
		{EC4247A7-D264-4519-BC9F-730545DD0501}.Release|Any CPU.Build.0 = Release|Any CPU
		{EC4247A7-D264-4519-BC9F-730545DD0501}.Release|x64.ActiveCfg = Release|Any CPU
		{EC4247A7-D264-4519-BC9F-730545DD0501}.Release|x64.Build.0 = Release|Any CPU
		{EC4247A7-D264-4519-BC9F-730545DD0501}.Release|x86.ActiveCfg = Release|Any CPU
		{EC4247A7-D264-4519-BC9F-730545DD0501}.Release|x86.Build.0 = Release|Any CPU
	EndGlobalSection
EndGlobal
